
Microsoft Visual Studio Solution File, Format Version 12.00
# Visual Studio 15
Project("{FAE04EC0-301F-11D3-BF4B-00C04F79EFBC}") = "test.Android", "test.Android\test.Android.csproj", "{00149EA5-8D9E-4E26-9EAB-A1D9BDB0345B}"
EndProject
Project("{FAE04EC0-301F-11D3-BF4B-00C04F79EFBC}") = "test.iOS", "test.iOS\test.iOS.csproj", "{A44F1953-424A-4FCA-9D3C-7312ECD48A19}"
EndProject
Project("{FAE04EC0-301F-11D3-BF4B-00C04F79EFBC}") = "test", "test\test.csproj", "{C756AC5A-E357-4B40-9C34-A6435CB0A4F9}"
EndProject
Global
	GlobalSection(SolutionConfigurationPlatforms) = preSolution
		Debug|Any CPU = Debug|Any CPU
		Release|Any CPU = Release|Any CPU
		Debug|iPhoneSimulator = Debug|iPhoneSimulator
		Release|iPhoneSimulator = Release|iPhoneSimulator
		Debug|iPhone = Debug|iPhone
		Release|iPhone = Release|iPhone
	EndGlobalSection
	GlobalSection(ProjectConfigurationPlatforms) = postSolution
		{00149EA5-8D9E-4E26-9EAB-A1D9BDB0345B}.Debug|Any CPU.ActiveCfg = Debug|Any CPU
		{00149EA5-8D9E-4E26-9EAB-A1D9BDB0345B}.Debug|Any CPU.Build.0 = Debug|Any CPU
		{00149EA5-8D9E-4E26-9EAB-A1D9BDB0345B}.Release|Any CPU.ActiveCfg = Release|Any CPU
		{00149EA5-8D9E-4E26-9EAB-A1D9BDB0345B}.Release|Any CPU.Build.0 = Release|Any CPU
		{00149EA5-8D9E-4E26-9EAB-A1D9BDB0345B}.Debug|iPhoneSimulator.ActiveCfg = Debug|Any CPU
		{00149EA5-8D9E-4E26-9EAB-A1D9BDB0345B}.Debug|iPhoneSimulator.Build.0 = Debug|Any CPU
		{00149EA5-8D9E-4E26-9EAB-A1D9BDB0345B}.Release|iPhoneSimulator.ActiveCfg = Release|Any CPU
		{00149EA5-8D9E-4E26-9EAB-A1D9BDB0345B}.Release|iPhoneSimulator.Build.0 = Release|Any CPU
		{00149EA5-8D9E-4E26-9EAB-A1D9BDB0345B}.Debug|iPhone.ActiveCfg = Debug|Any CPU
		{00149EA5-8D9E-4E26-9EAB-A1D9BDB0345B}.Debug|iPhone.Build.0 = Debug|Any CPU
		{00149EA5-8D9E-4E26-9EAB-A1D9BDB0345B}.Release|iPhone.ActiveCfg = Release|Any CPU
		{00149EA5-8D9E-4E26-9EAB-A1D9BDB0345B}.Release|iPhone.Build.0 = Release|Any CPU
		{A44F1953-424A-4FCA-9D3C-7312ECD48A19}.Debug|Any CPU.ActiveCfg = Debug|iPhoneSimulator
		{A44F1953-424A-4FCA-9D3C-7312ECD48A19}.Debug|Any CPU.Build.0 = Debug|iPhoneSimulator
		{A44F1953-424A-4FCA-9D3C-7312ECD48A19}.Release|Any CPU.ActiveCfg = Release|iPhoneSimulator
		{A44F1953-424A-4FCA-9D3C-7312ECD48A19}.Release|Any CPU.Build.0 = Release|iPhoneSimulator
		{A44F1953-424A-4FCA-9D3C-7312ECD48A19}.Debug|iPhoneSimulator.ActiveCfg = Debug|iPhoneSimulator
		{A44F1953-424A-4FCA-9D3C-7312ECD48A19}.Debug|iPhoneSimulator.Build.0 = Debug|iPhoneSimulator
		{A44F1953-424A-4FCA-9D3C-7312ECD48A19}.Release|iPhoneSimulator.ActiveCfg = Release|iPhoneSimulator
		{A44F1953-424A-4FCA-9D3C-7312ECD48A19}.Release|iPhoneSimulator.Build.0 = Release|iPhoneSimulator
		{A44F1953-424A-4FCA-9D3C-7312ECD48A19}.Debug|iPhone.ActiveCfg = Debug|iPhone
		{A44F1953-424A-4FCA-9D3C-7312ECD48A19}.Debug|iPhone.Build.0 = Debug|iPhone
		{A44F1953-424A-4FCA-9D3C-7312ECD48A19}.Release|iPhone.ActiveCfg = Release|iPhone
		{A44F1953-424A-4FCA-9D3C-7312ECD48A19}.Release|iPhone.Build.0 = Release|iPhone
		{C756AC5A-E357-4B40-9C34-A6435CB0A4F9}.Debug|Any CPU.ActiveCfg = Debug|Any CPU
		{C756AC5A-E357-4B40-9C34-A6435CB0A4F9}.Debug|Any CPU.Build.0 = Debug|Any CPU
		{C756AC5A-E357-4B40-9C34-A6435CB0A4F9}.Release|Any CPU.ActiveCfg = Release|Any CPU
		{C756AC5A-E357-4B40-9C34-A6435CB0A4F9}.Release|Any CPU.Build.0 = Release|Any CPU
		{C756AC5A-E357-4B40-9C34-A6435CB0A4F9}.Debug|iPhoneSimulator.ActiveCfg = Debug|Any CPU
		{C756AC5A-E357-4B40-9C34-A6435CB0A4F9}.Debug|iPhoneSimulator.Build.0 = Debug|Any CPU
		{C756AC5A-E357-4B40-9C34-A6435CB0A4F9}.Release|iPhoneSimulator.ActiveCfg = Release|Any CPU
		{C756AC5A-E357-4B40-9C34-A6435CB0A4F9}.Release|iPhoneSimulator.Build.0 = Release|Any CPU
		{C756AC5A-E357-4B40-9C34-A6435CB0A4F9}.Debug|iPhone.ActiveCfg = Debug|Any CPU
		{C756AC5A-E357-4B40-9C34-A6435CB0A4F9}.Debug|iPhone.Build.0 = Debug|Any CPU
		{C756AC5A-E357-4B40-9C34-A6435CB0A4F9}.Release|iPhone.ActiveCfg = Release|Any CPU
		{C756AC5A-E357-4B40-9C34-A6435CB0A4F9}.Release|iPhone.Build.0 = Release|Any CPU
	EndGlobalSection
EndGlobal
